
Microsoft Visual Studio Solution File, Format Version 12.00
# Visual Studio Version 16
VisualStudioVersion = 16.0.29306.81
MinimumVisualStudioVersion = 10.0.40219.1
Project("{2150E333-8FDC-42A3-9474-1A3956D46DE8}") = "Samples", "Samples", "{18073331-54FF-427B-81CC-90135DF1098B}"
EndProject
Project("{2150E333-8FDC-42A3-9474-1A3956D46DE8}") = "Tests", "Tests", "{0830516A-154D-420D-994F-378DA238E9B5}"
EndProject
Project("{9A19103F-16F7-4668-BE54-9A1E7A4F7556}") = "MyONez.Samples.Desktop", "MyONez.Samples.Desktop\MyONez.Samples.Desktop.csproj", "{FB1CACD1-A6AE-4930-A9CF-728FF5A15253}"
EndProject
Project("{FAE04EC0-301F-11D3-BF4B-00C04F79EFBC}") = "MyONez.Samples.Android", "MyONez.Samples.Android\MyONez.Samples.Android.csproj", "{C105EEBC-F50D-45B1-8AFF-53AE0AE49729}"
EndProject
Project("{9A19103F-16F7-4668-BE54-9A1E7A4F7556}") = "MyONez.Tests", "MyONez.Tests\MyONez.Tests.csproj", "{DE118076-3738-43D4-B49B-ED54A4FCD7D6}"
EndProject
Project("{9A19103F-16F7-4668-BE54-9A1E7A4F7556}") = "MyONez.Samples.Base", "MyONez.Samples.Base\MyONez.Samples.Base.csproj", "{E6A31345-45A1-4B1D-B9CD-8E2BD9760247}"
	ProjectSection(ProjectDependencies) = postProject
		{957EEE75-1249-4FC6-B5D2-1D932883001D} = {957EEE75-1249-4FC6-B5D2-1D932883001D}
	EndProjectSection
EndProject
Project("{9A19103F-16F7-4668-BE54-9A1E7A4F7556}") = "MyONez", "MyONez\MyONez.csproj", "{1AF2E279-E8EB-43AB-A0D7-EEF0B9F1ED6D}"
EndProject
Project("{9A19103F-16F7-4668-BE54-9A1E7A4F7556}") = "MyONez.CLI", "MyONez.CLI\MyONez.CLI.csproj", "{52B499E8-C067-4006-8D25-57CED47E43AF}"
EndProject
Project("{9A19103F-16F7-4668-BE54-9A1E7A4F7556}") = "MyONez.AdditionalContent", "MyONez.AdditionalContent\MyONez.AdditionalContent.csproj", "{F8E94645-E680-429D-AF04-9E8F350011D7}"
EndProject
Project("{9A19103F-16F7-4668-BE54-9A1E7A4F7556}") = "MyONez.Samples.Web", "MyONez.Samples.Web\MyONez.Samples.Web.csproj", "{C3BB4E98-615E-4F32-9FCE-3903EEB0F686}"
EndProject
Project("{9A19103F-16F7-4668-BE54-9A1E7A4F7556}") = "MyONez.PipelineImporter", "MyONez.PipelineImporter\MyONez.PipelineImporter.csproj", "{957EEE75-1249-4FC6-B5D2-1D932883001D}"
	ProjectSection(ProjectDependencies) = postProject
		{F8E94645-E680-429D-AF04-9E8F350011D7} = {F8E94645-E680-429D-AF04-9E8F350011D7}
	EndProjectSection
EndProject
Global
	GlobalSection(SolutionConfigurationPlatforms) = preSolution
		Debug|Any CPU = Debug|Any CPU
		Debug|iPhone = Debug|iPhone
		Debug|iPhoneSimulator = Debug|iPhoneSimulator
		Debug|x86 = Debug|x86
		Release|Any CPU = Release|Any CPU
		Release|iPhone = Release|iPhone
		Release|iPhoneSimulator = Release|iPhoneSimulator
		Release|x86 = Release|x86
		Web|Any CPU = Web|Any CPU
		Web|iPhone = Web|iPhone
		Web|iPhoneSimulator = Web|iPhoneSimulator
		Web|x86 = Web|x86
	EndGlobalSection
	GlobalSection(ProjectConfigurationPlatforms) = postSolution
		{FB1CACD1-A6AE-4930-A9CF-728FF5A15253}.Debug|Any CPU.ActiveCfg = Debug|Any CPU
		{FB1CACD1-A6AE-4930-A9CF-728FF5A15253}.Debug|Any CPU.Build.0 = Debug|Any CPU
		{FB1CACD1-A6AE-4930-A9CF-728FF5A15253}.Debug|iPhone.ActiveCfg = Debug|Any CPU
		{FB1CACD1-A6AE-4930-A9CF-728FF5A15253}.Debug|iPhone.Build.0 = Debug|Any CPU
		{FB1CACD1-A6AE-4930-A9CF-728FF5A15253}.Debug|iPhoneSimulator.ActiveCfg = Debug|Any CPU
		{FB1CACD1-A6AE-4930-A9CF-728FF5A15253}.Debug|iPhoneSimulator.Build.0 = Debug|Any CPU
		{FB1CACD1-A6AE-4930-A9CF-728FF5A15253}.Debug|x86.ActiveCfg = Debug|Any CPU
		{FB1CACD1-A6AE-4930-A9CF-728FF5A15253}.Debug|x86.Build.0 = Debug|Any CPU
		{FB1CACD1-A6AE-4930-A9CF-728FF5A15253}.Release|Any CPU.ActiveCfg = Release|Any CPU
		{FB1CACD1-A6AE-4930-A9CF-728FF5A15253}.Release|Any CPU.Build.0 = Release|Any CPU
		{FB1CACD1-A6AE-4930-A9CF-728FF5A15253}.Release|iPhone.ActiveCfg = Release|Any CPU
		{FB1CACD1-A6AE-4930-A9CF-728FF5A15253}.Release|iPhone.Build.0 = Release|Any CPU
		{FB1CACD1-A6AE-4930-A9CF-728FF5A15253}.Release|iPhoneSimulator.ActiveCfg = Release|Any CPU
		{FB1CACD1-A6AE-4930-A9CF-728FF5A15253}.Release|iPhoneSimulator.Build.0 = Release|Any CPU
		{FB1CACD1-A6AE-4930-A9CF-728FF5A15253}.Release|x86.ActiveCfg = Release|Any CPU
		{FB1CACD1-A6AE-4930-A9CF-728FF5A15253}.Release|x86.Build.0 = Release|Any CPU
		{FB1CACD1-A6AE-4930-A9CF-728FF5A15253}.Web|Any CPU.ActiveCfg = Release|Any CPU
		{FB1CACD1-A6AE-4930-A9CF-728FF5A15253}.Web|iPhone.ActiveCfg = Release|Any CPU
		{FB1CACD1-A6AE-4930-A9CF-728FF5A15253}.Web|iPhone.Build.0 = Release|Any CPU
		{FB1CACD1-A6AE-4930-A9CF-728FF5A15253}.Web|iPhoneSimulator.ActiveCfg = Release|Any CPU
		{FB1CACD1-A6AE-4930-A9CF-728FF5A15253}.Web|iPhoneSimulator.Build.0 = Release|Any CPU
		{FB1CACD1-A6AE-4930-A9CF-728FF5A15253}.Web|x86.ActiveCfg = Release|Any CPU
		{FB1CACD1-A6AE-4930-A9CF-728FF5A15253}.Web|x86.Build.0 = Release|Any CPU
		{C105EEBC-F50D-45B1-8AFF-53AE0AE49729}.Debug|Any CPU.ActiveCfg = Debug|Any CPU
		{C105EEBC-F50D-45B1-8AFF-53AE0AE49729}.Debug|Any CPU.Build.0 = Debug|Any CPU
		{C105EEBC-F50D-45B1-8AFF-53AE0AE49729}.Debug|Any CPU.Deploy.0 = Debug|Any CPU
		{C105EEBC-F50D-45B1-8AFF-53AE0AE49729}.Debug|iPhone.ActiveCfg = Debug|Any CPU
		{C105EEBC-F50D-45B1-8AFF-53AE0AE49729}.Debug|iPhone.Build.0 = Debug|Any CPU
		{C105EEBC-F50D-45B1-8AFF-53AE0AE49729}.Debug|iPhone.Deploy.0 = Debug|Any CPU
		{C105EEBC-F50D-45B1-8AFF-53AE0AE49729}.Debug|iPhoneSimulator.ActiveCfg = Debug|Any CPU
		{C105EEBC-F50D-45B1-8AFF-53AE0AE49729}.Debug|iPhoneSimulator.Build.0 = Debug|Any CPU
		{C105EEBC-F50D-45B1-8AFF-53AE0AE49729}.Debug|iPhoneSimulator.Deploy.0 = Debug|Any CPU
		{C105EEBC-F50D-45B1-8AFF-53AE0AE49729}.Debug|x86.ActiveCfg = Debug|Any CPU
		{C105EEBC-F50D-45B1-8AFF-53AE0AE49729}.Debug|x86.Build.0 = Debug|Any CPU
		{C105EEBC-F50D-45B1-8AFF-53AE0AE49729}.Debug|x86.Deploy.0 = Debug|Any CPU
		{C105EEBC-F50D-45B1-8AFF-53AE0AE49729}.Release|Any CPU.ActiveCfg = Release|Any CPU
		{C105EEBC-F50D-45B1-8AFF-53AE0AE49729}.Release|Any CPU.Build.0 = Release|Any CPU
		{C105EEBC-F50D-45B1-8AFF-53AE0AE49729}.Release|Any CPU.Deploy.0 = Release|Any CPU
		{C105EEBC-F50D-45B1-8AFF-53AE0AE49729}.Release|iPhone.ActiveCfg = Release|Any CPU
		{C105EEBC-F50D-45B1-8AFF-53AE0AE49729}.Release|iPhone.Build.0 = Release|Any CPU
		{C105EEBC-F50D-45B1-8AFF-53AE0AE49729}.Release|iPhone.Deploy.0 = Release|Any CPU
		{C105EEBC-F50D-45B1-8AFF-53AE0AE49729}.Release|iPhoneSimulator.ActiveCfg = Release|Any CPU
		{C105EEBC-F50D-45B1-8AFF-53AE0AE49729}.Release|iPhoneSimulator.Build.0 = Release|Any CPU
		{C105EEBC-F50D-45B1-8AFF-53AE0AE49729}.Release|iPhoneSimulator.Deploy.0 = Release|Any CPU
		{C105EEBC-F50D-45B1-8AFF-53AE0AE49729}.Release|x86.ActiveCfg = Release|Any CPU
		{C105EEBC-F50D-45B1-8AFF-53AE0AE49729}.Release|x86.Build.0 = Release|Any CPU
		{C105EEBC-F50D-45B1-8AFF-53AE0AE49729}.Release|x86.Deploy.0 = Release|Any CPU
		{C105EEBC-F50D-45B1-8AFF-53AE0AE49729}.Web|Any CPU.ActiveCfg = Release|Any CPU
		{C105EEBC-F50D-45B1-8AFF-53AE0AE49729}.Web|iPhone.ActiveCfg = Release|Any CPU
		{C105EEBC-F50D-45B1-8AFF-53AE0AE49729}.Web|iPhone.Build.0 = Release|Any CPU
		{C105EEBC-F50D-45B1-8AFF-53AE0AE49729}.Web|iPhone.Deploy.0 = Release|Any CPU
		{C105EEBC-F50D-45B1-8AFF-53AE0AE49729}.Web|iPhoneSimulator.ActiveCfg = Release|Any CPU
		{C105EEBC-F50D-45B1-8AFF-53AE0AE49729}.Web|iPhoneSimulator.Build.0 = Release|Any CPU
		{C105EEBC-F50D-45B1-8AFF-53AE0AE49729}.Web|iPhoneSimulator.Deploy.0 = Release|Any CPU
		{C105EEBC-F50D-45B1-8AFF-53AE0AE49729}.Web|x86.ActiveCfg = Release|Any CPU
		{C105EEBC-F50D-45B1-8AFF-53AE0AE49729}.Web|x86.Build.0 = Release|Any CPU
		{C105EEBC-F50D-45B1-8AFF-53AE0AE49729}.Web|x86.Deploy.0 = Release|Any CPU
		{DE118076-3738-43D4-B49B-ED54A4FCD7D6}.Debug|Any CPU.ActiveCfg = Debug|Any CPU
		{DE118076-3738-43D4-B49B-ED54A4FCD7D6}.Debug|Any CPU.Build.0 = Debug|Any CPU
		{DE118076-3738-43D4-B49B-ED54A4FCD7D6}.Debug|iPhone.ActiveCfg = Debug|Any CPU
		{DE118076-3738-43D4-B49B-ED54A4FCD7D6}.Debug|iPhone.Build.0 = Debug|Any CPU
		{DE118076-3738-43D4-B49B-ED54A4FCD7D6}.Debug|iPhoneSimulator.ActiveCfg = Debug|Any CPU
		{DE118076-3738-43D4-B49B-ED54A4FCD7D6}.Debug|iPhoneSimulator.Build.0 = Debug|Any CPU
		{DE118076-3738-43D4-B49B-ED54A4FCD7D6}.Debug|x86.ActiveCfg = Debug|Any CPU
		{DE118076-3738-43D4-B49B-ED54A4FCD7D6}.Debug|x86.Build.0 = Debug|Any CPU
		{DE118076-3738-43D4-B49B-ED54A4FCD7D6}.Release|Any CPU.ActiveCfg = Release|Any CPU
		{DE118076-3738-43D4-B49B-ED54A4FCD7D6}.Release|Any CPU.Build.0 = Release|Any CPU
		{DE118076-3738-43D4-B49B-ED54A4FCD7D6}.Release|iPhone.ActiveCfg = Release|Any CPU
		{DE118076-3738-43D4-B49B-ED54A4FCD7D6}.Release|iPhone.Build.0 = Release|Any CPU
		{DE118076-3738-43D4-B49B-ED54A4FCD7D6}.Release|iPhoneSimulator.ActiveCfg = Release|Any CPU
		{DE118076-3738-43D4-B49B-ED54A4FCD7D6}.Release|iPhoneSimulator.Build.0 = Release|Any CPU
		{DE118076-3738-43D4-B49B-ED54A4FCD7D6}.Release|x86.ActiveCfg = Release|Any CPU
		{DE118076-3738-43D4-B49B-ED54A4FCD7D6}.Release|x86.Build.0 = Release|Any CPU
		{DE118076-3738-43D4-B49B-ED54A4FCD7D6}.Web|Any CPU.ActiveCfg = Release|Any CPU
		{DE118076-3738-43D4-B49B-ED54A4FCD7D6}.Web|iPhone.ActiveCfg = Release|Any CPU
		{DE118076-3738-43D4-B49B-ED54A4FCD7D6}.Web|iPhone.Build.0 = Release|Any CPU
		{DE118076-3738-43D4-B49B-ED54A4FCD7D6}.Web|iPhoneSimulator.ActiveCfg = Release|Any CPU
		{DE118076-3738-43D4-B49B-ED54A4FCD7D6}.Web|iPhoneSimulator.Build.0 = Release|Any CPU
		{DE118076-3738-43D4-B49B-ED54A4FCD7D6}.Web|x86.ActiveCfg = Release|Any CPU
		{DE118076-3738-43D4-B49B-ED54A4FCD7D6}.Web|x86.Build.0 = Release|Any CPU
		{E6A31345-45A1-4B1D-B9CD-8E2BD9760247}.Debug|Any CPU.ActiveCfg = Debug|Any CPU
		{E6A31345-45A1-4B1D-B9CD-8E2BD9760247}.Debug|Any CPU.Build.0 = Debug|Any CPU
		{E6A31345-45A1-4B1D-B9CD-8E2BD9760247}.Debug|iPhone.ActiveCfg = Debug|Any CPU
		{E6A31345-45A1-4B1D-B9CD-8E2BD9760247}.Debug|iPhone.Build.0 = Debug|Any CPU
		{E6A31345-45A1-4B1D-B9CD-8E2BD9760247}.Debug|iPhoneSimulator.ActiveCfg = Debug|Any CPU
		{E6A31345-45A1-4B1D-B9CD-8E2BD9760247}.Debug|iPhoneSimulator.Build.0 = Debug|Any CPU
		{E6A31345-45A1-4B1D-B9CD-8E2BD9760247}.Debug|x86.ActiveCfg = Debug|Any CPU
		{E6A31345-45A1-4B1D-B9CD-8E2BD9760247}.Debug|x86.Build.0 = Debug|Any CPU
		{E6A31345-45A1-4B1D-B9CD-8E2BD9760247}.Release|Any CPU.ActiveCfg = Release|Any CPU
		{E6A31345-45A1-4B1D-B9CD-8E2BD9760247}.Release|Any CPU.Build.0 = Release|Any CPU
		{E6A31345-45A1-4B1D-B9CD-8E2BD9760247}.Release|iPhone.ActiveCfg = Release|Any CPU
		{E6A31345-45A1-4B1D-B9CD-8E2BD9760247}.Release|iPhone.Build.0 = Release|Any CPU
		{E6A31345-45A1-4B1D-B9CD-8E2BD9760247}.Release|iPhoneSimulator.ActiveCfg = Release|Any CPU
		{E6A31345-45A1-4B1D-B9CD-8E2BD9760247}.Release|iPhoneSimulator.Build.0 = Release|Any CPU
		{E6A31345-45A1-4B1D-B9CD-8E2BD9760247}.Release|x86.ActiveCfg = Release|Any CPU
		{E6A31345-45A1-4B1D-B9CD-8E2BD9760247}.Release|x86.Build.0 = Release|Any CPU
		{E6A31345-45A1-4B1D-B9CD-8E2BD9760247}.Web|Any CPU.ActiveCfg = Web|Any CPU
		{E6A31345-45A1-4B1D-B9CD-8E2BD9760247}.Web|Any CPU.Build.0 = Web|Any CPU
		{E6A31345-45A1-4B1D-B9CD-8E2BD9760247}.Web|iPhone.ActiveCfg = Web|Any CPU
		{E6A31345-45A1-4B1D-B9CD-8E2BD9760247}.Web|iPhone.Build.0 = Web|Any CPU
		{E6A31345-45A1-4B1D-B9CD-8E2BD9760247}.Web|iPhoneSimulator.ActiveCfg = Web|Any CPU
		{E6A31345-45A1-4B1D-B9CD-8E2BD9760247}.Web|iPhoneSimulator.Build.0 = Web|Any CPU
		{E6A31345-45A1-4B1D-B9CD-8E2BD9760247}.Web|x86.ActiveCfg = Web|Any CPU
		{E6A31345-45A1-4B1D-B9CD-8E2BD9760247}.Web|x86.Build.0 = Web|Any CPU
		{1AF2E279-E8EB-43AB-A0D7-EEF0B9F1ED6D}.Debug|Any CPU.ActiveCfg = Debug|Any CPU
		{1AF2E279-E8EB-43AB-A0D7-EEF0B9F1ED6D}.Debug|Any CPU.Build.0 = Debug|Any CPU
		{1AF2E279-E8EB-43AB-A0D7-EEF0B9F1ED6D}.Debug|iPhone.ActiveCfg = Debug|Any CPU
		{1AF2E279-E8EB-43AB-A0D7-EEF0B9F1ED6D}.Debug|iPhone.Build.0 = Debug|Any CPU
		{1AF2E279-E8EB-43AB-A0D7-EEF0B9F1ED6D}.Debug|iPhoneSimulator.ActiveCfg = Debug|Any CPU
		{1AF2E279-E8EB-43AB-A0D7-EEF0B9F1ED6D}.Debug|iPhoneSimulator.Build.0 = Debug|Any CPU
		{1AF2E279-E8EB-43AB-A0D7-EEF0B9F1ED6D}.Debug|x86.ActiveCfg = Debug|Any CPU
		{1AF2E279-E8EB-43AB-A0D7-EEF0B9F1ED6D}.Debug|x86.Build.0 = Debug|Any CPU
		{1AF2E279-E8EB-43AB-A0D7-EEF0B9F1ED6D}.Release|Any CPU.ActiveCfg = Release|Any CPU
		{1AF2E279-E8EB-43AB-A0D7-EEF0B9F1ED6D}.Release|Any CPU.Build.0 = Release|Any CPU
		{1AF2E279-E8EB-43AB-A0D7-EEF0B9F1ED6D}.Release|iPhone.ActiveCfg = Release|Any CPU
		{1AF2E279-E8EB-43AB-A0D7-EEF0B9F1ED6D}.Release|iPhone.Build.0 = Release|Any CPU
		{1AF2E279-E8EB-43AB-A0D7-EEF0B9F1ED6D}.Release|iPhoneSimulator.ActiveCfg = Release|Any CPU
		{1AF2E279-E8EB-43AB-A0D7-EEF0B9F1ED6D}.Release|iPhoneSimulator.Build.0 = Release|Any CPU
		{1AF2E279-E8EB-43AB-A0D7-EEF0B9F1ED6D}.Release|x86.ActiveCfg = Release|Any CPU
		{1AF2E279-E8EB-43AB-A0D7-EEF0B9F1ED6D}.Release|x86.Build.0 = Release|Any CPU
		{1AF2E279-E8EB-43AB-A0D7-EEF0B9F1ED6D}.Web|Any CPU.ActiveCfg = Web|Any CPU
		{1AF2E279-E8EB-43AB-A0D7-EEF0B9F1ED6D}.Web|Any CPU.Build.0 = Web|Any CPU
		{1AF2E279-E8EB-43AB-A0D7-EEF0B9F1ED6D}.Web|iPhone.ActiveCfg = Web|Any CPU
		{1AF2E279-E8EB-43AB-A0D7-EEF0B9F1ED6D}.Web|iPhone.Build.0 = Web|Any CPU
		{1AF2E279-E8EB-43AB-A0D7-EEF0B9F1ED6D}.Web|iPhoneSimulator.ActiveCfg = Web|Any CPU
		{1AF2E279-E8EB-43AB-A0D7-EEF0B9F1ED6D}.Web|iPhoneSimulator.Build.0 = Web|Any CPU
		{1AF2E279-E8EB-43AB-A0D7-EEF0B9F1ED6D}.Web|x86.ActiveCfg = Web|Any CPU
		{1AF2E279-E8EB-43AB-A0D7-EEF0B9F1ED6D}.Web|x86.Build.0 = Web|Any CPU
		{52B499E8-C067-4006-8D25-57CED47E43AF}.Debug|Any CPU.ActiveCfg = Debug|Any CPU
		{52B499E8-C067-4006-8D25-57CED47E43AF}.Debug|Any CPU.Build.0 = Debug|Any CPU
		{52B499E8-C067-4006-8D25-57CED47E43AF}.Debug|iPhone.ActiveCfg = Debug|Any CPU
		{52B499E8-C067-4006-8D25-57CED47E43AF}.Debug|iPhone.Build.0 = Debug|Any CPU
		{52B499E8-C067-4006-8D25-57CED47E43AF}.Debug|iPhoneSimulator.ActiveCfg = Debug|Any CPU
		{52B499E8-C067-4006-8D25-57CED47E43AF}.Debug|iPhoneSimulator.Build.0 = Debug|Any CPU
		{52B499E8-C067-4006-8D25-57CED47E43AF}.Debug|x86.ActiveCfg = Debug|Any CPU
		{52B499E8-C067-4006-8D25-57CED47E43AF}.Debug|x86.Build.0 = Debug|Any CPU
		{52B499E8-C067-4006-8D25-57CED47E43AF}.Release|Any CPU.ActiveCfg = Release|Any CPU
		{52B499E8-C067-4006-8D25-57CED47E43AF}.Release|Any CPU.Build.0 = Release|Any CPU
		{52B499E8-C067-4006-8D25-57CED47E43AF}.Release|iPhone.ActiveCfg = Release|Any CPU
		{52B499E8-C067-4006-8D25-57CED47E43AF}.Release|iPhone.Build.0 = Release|Any CPU
		{52B499E8-C067-4006-8D25-57CED47E43AF}.Release|iPhoneSimulator.ActiveCfg = Release|Any CPU
		{52B499E8-C067-4006-8D25-57CED47E43AF}.Release|iPhoneSimulator.Build.0 = Release|Any CPU
		{52B499E8-C067-4006-8D25-57CED47E43AF}.Release|x86.ActiveCfg = Release|Any CPU
		{52B499E8-C067-4006-8D25-57CED47E43AF}.Release|x86.Build.0 = Release|Any CPU
		{52B499E8-C067-4006-8D25-57CED47E43AF}.Web|Any CPU.ActiveCfg = Release|Any CPU
		{52B499E8-C067-4006-8D25-57CED47E43AF}.Web|iPhone.ActiveCfg = Release|Any CPU
		{52B499E8-C067-4006-8D25-57CED47E43AF}.Web|iPhone.Build.0 = Release|Any CPU
		{52B499E8-C067-4006-8D25-57CED47E43AF}.Web|iPhoneSimulator.ActiveCfg = Release|Any CPU
		{52B499E8-C067-4006-8D25-57CED47E43AF}.Web|iPhoneSimulator.Build.0 = Release|Any CPU
		{52B499E8-C067-4006-8D25-57CED47E43AF}.Web|x86.ActiveCfg = Release|Any CPU
		{52B499E8-C067-4006-8D25-57CED47E43AF}.Web|x86.Build.0 = Release|Any CPU
		{F8E94645-E680-429D-AF04-9E8F350011D7}.Debug|Any CPU.ActiveCfg = Debug|Any CPU
		{F8E94645-E680-429D-AF04-9E8F350011D7}.Debug|Any CPU.Build.0 = Debug|Any CPU
		{F8E94645-E680-429D-AF04-9E8F350011D7}.Debug|iPhone.ActiveCfg = Debug|Any CPU
		{F8E94645-E680-429D-AF04-9E8F350011D7}.Debug|iPhone.Build.0 = Debug|Any CPU
		{F8E94645-E680-429D-AF04-9E8F350011D7}.Debug|iPhoneSimulator.ActiveCfg = Debug|Any CPU
		{F8E94645-E680-429D-AF04-9E8F350011D7}.Debug|iPhoneSimulator.Build.0 = Debug|Any CPU
		{F8E94645-E680-429D-AF04-9E8F350011D7}.Debug|x86.ActiveCfg = Debug|Any CPU
		{F8E94645-E680-429D-AF04-9E8F350011D7}.Debug|x86.Build.0 = Debug|Any CPU
		{F8E94645-E680-429D-AF04-9E8F350011D7}.Release|Any CPU.ActiveCfg = Release|Any CPU
		{F8E94645-E680-429D-AF04-9E8F350011D7}.Release|Any CPU.Build.0 = Release|Any CPU
		{F8E94645-E680-429D-AF04-9E8F350011D7}.Release|iPhone.ActiveCfg = Release|Any CPU
		{F8E94645-E680-429D-AF04-9E8F350011D7}.Release|iPhone.Build.0 = Release|Any CPU
		{F8E94645-E680-429D-AF04-9E8F350011D7}.Release|iPhoneSimulator.ActiveCfg = Release|Any CPU
		{F8E94645-E680-429D-AF04-9E8F350011D7}.Release|iPhoneSimulator.Build.0 = Release|Any CPU
		{F8E94645-E680-429D-AF04-9E8F350011D7}.Release|x86.ActiveCfg = Release|Any CPU
		{F8E94645-E680-429D-AF04-9E8F350011D7}.Release|x86.Build.0 = Release|Any CPU
		{F8E94645-E680-429D-AF04-9E8F350011D7}.Web|Any CPU.ActiveCfg = Web|Any CPU
		{F8E94645-E680-429D-AF04-9E8F350011D7}.Web|Any CPU.Build.0 = Web|Any CPU
		{F8E94645-E680-429D-AF04-9E8F350011D7}.Web|iPhone.ActiveCfg = Web|Any CPU
		{F8E94645-E680-429D-AF04-9E8F350011D7}.Web|iPhone.Build.0 = Web|Any CPU
		{F8E94645-E680-429D-AF04-9E8F350011D7}.Web|iPhoneSimulator.ActiveCfg = Web|Any CPU
		{F8E94645-E680-429D-AF04-9E8F350011D7}.Web|iPhoneSimulator.Build.0 = Web|Any CPU
		{F8E94645-E680-429D-AF04-9E8F350011D7}.Web|x86.ActiveCfg = Web|Any CPU
		{F8E94645-E680-429D-AF04-9E8F350011D7}.Web|x86.Build.0 = Web|Any CPU
		{C3BB4E98-615E-4F32-9FCE-3903EEB0F686}.Debug|Any CPU.ActiveCfg = Web|Any CPU
		{C3BB4E98-615E-4F32-9FCE-3903EEB0F686}.Debug|iPhone.ActiveCfg = Web|Any CPU
		{C3BB4E98-615E-4F32-9FCE-3903EEB0F686}.Debug|iPhone.Build.0 = Web|Any CPU
		{C3BB4E98-615E-4F32-9FCE-3903EEB0F686}.Debug|iPhoneSimulator.ActiveCfg = Web|Any CPU
		{C3BB4E98-615E-4F32-9FCE-3903EEB0F686}.Debug|iPhoneSimulator.Build.0 = Web|Any CPU
		{C3BB4E98-615E-4F32-9FCE-3903EEB0F686}.Debug|x86.ActiveCfg = Web|Any CPU
		{C3BB4E98-615E-4F32-9FCE-3903EEB0F686}.Debug|x86.Build.0 = Web|Any CPU
		{C3BB4E98-615E-4F32-9FCE-3903EEB0F686}.Release|Any CPU.ActiveCfg = Web|Any CPU
		{C3BB4E98-615E-4F32-9FCE-3903EEB0F686}.Release|iPhone.ActiveCfg = Web|Any CPU
		{C3BB4E98-615E-4F32-9FCE-3903EEB0F686}.Release|iPhone.Build.0 = Web|Any CPU
		{C3BB4E98-615E-4F32-9FCE-3903EEB0F686}.Release|iPhoneSimulator.ActiveCfg = Web|Any CPU
		{C3BB4E98-615E-4F32-9FCE-3903EEB0F686}.Release|iPhoneSimulator.Build.0 = Web|Any CPU
		{C3BB4E98-615E-4F32-9FCE-3903EEB0F686}.Release|x86.ActiveCfg = Web|Any CPU
		{C3BB4E98-615E-4F32-9FCE-3903EEB0F686}.Release|x86.Build.0 = Web|Any CPU
		{C3BB4E98-615E-4F32-9FCE-3903EEB0F686}.Web|Any CPU.ActiveCfg = Web|Any CPU
		{C3BB4E98-615E-4F32-9FCE-3903EEB0F686}.Web|Any CPU.Build.0 = Web|Any CPU
		{C3BB4E98-615E-4F32-9FCE-3903EEB0F686}.Web|iPhone.ActiveCfg = Web|Any CPU
		{C3BB4E98-615E-4F32-9FCE-3903EEB0F686}.Web|iPhone.Build.0 = Web|Any CPU
		{C3BB4E98-615E-4F32-9FCE-3903EEB0F686}.Web|iPhoneSimulator.ActiveCfg = Web|Any CPU
		{C3BB4E98-615E-4F32-9FCE-3903EEB0F686}.Web|iPhoneSimulator.Build.0 = Web|Any CPU
		{C3BB4E98-615E-4F32-9FCE-3903EEB0F686}.Web|x86.ActiveCfg = Web|Any CPU
		{C3BB4E98-615E-4F32-9FCE-3903EEB0F686}.Web|x86.Build.0 = Web|Any CPU
		{957EEE75-1249-4FC6-B5D2-1D932883001D}.Debug|Any CPU.ActiveCfg = Debug|Any CPU
		{957EEE75-1249-4FC6-B5D2-1D932883001D}.Debug|Any CPU.Build.0 = Debug|Any CPU
		{957EEE75-1249-4FC6-B5D2-1D932883001D}.Debug|iPhone.ActiveCfg = Debug|Any CPU
		{957EEE75-1249-4FC6-B5D2-1D932883001D}.Debug|iPhone.Build.0 = Debug|Any CPU
		{957EEE75-1249-4FC6-B5D2-1D932883001D}.Debug|iPhoneSimulator.ActiveCfg = Debug|Any CPU
		{957EEE75-1249-4FC6-B5D2-1D932883001D}.Debug|iPhoneSimulator.Build.0 = Debug|Any CPU
		{957EEE75-1249-4FC6-B5D2-1D932883001D}.Debug|x86.ActiveCfg = Debug|Any CPU
		{957EEE75-1249-4FC6-B5D2-1D932883001D}.Debug|x86.Build.0 = Debug|Any CPU
		{957EEE75-1249-4FC6-B5D2-1D932883001D}.Release|Any CPU.ActiveCfg = Release|Any CPU
		{957EEE75-1249-4FC6-B5D2-1D932883001D}.Release|Any CPU.Build.0 = Release|Any CPU
		{957EEE75-1249-4FC6-B5D2-1D932883001D}.Release|iPhone.ActiveCfg = Release|Any CPU
		{957EEE75-1249-4FC6-B5D2-1D932883001D}.Release|iPhone.Build.0 = Release|Any CPU
		{957EEE75-1249-4FC6-B5D2-1D932883001D}.Release|iPhoneSimulator.ActiveCfg = Release|Any CPU
		{957EEE75-1249-4FC6-B5D2-1D932883001D}.Release|iPhoneSimulator.Build.0 = Release|Any CPU
		{957EEE75-1249-4FC6-B5D2-1D932883001D}.Release|x86.ActiveCfg = Release|Any CPU
		{957EEE75-1249-4FC6-B5D2-1D932883001D}.Release|x86.Build.0 = Release|Any CPU
		{957EEE75-1249-4FC6-B5D2-1D932883001D}.Web|Any CPU.ActiveCfg = Release|Any CPU
		{957EEE75-1249-4FC6-B5D2-1D932883001D}.Web|iPhone.ActiveCfg = Debug|Any CPU
		{957EEE75-1249-4FC6-B5D2-1D932883001D}.Web|iPhone.Build.0 = Debug|Any CPU
		{957EEE75-1249-4FC6-B5D2-1D932883001D}.Web|iPhoneSimulator.ActiveCfg = Debug|Any CPU
		{957EEE75-1249-4FC6-B5D2-1D932883001D}.Web|iPhoneSimulator.Build.0 = Debug|Any CPU
		{957EEE75-1249-4FC6-B5D2-1D932883001D}.Web|x86.ActiveCfg = Debug|Any CPU
		{957EEE75-1249-4FC6-B5D2-1D932883001D}.Web|x86.Build.0 = Debug|Any CPU
	EndGlobalSection
	GlobalSection(SolutionProperties) = preSolution
		HideSolutionNode = FALSE
	EndGlobalSection
	GlobalSection(NestedProjects) = preSolution
		{FB1CACD1-A6AE-4930-A9CF-728FF5A15253} = {18073331-54FF-427B-81CC-90135DF1098B}
		{C105EEBC-F50D-45B1-8AFF-53AE0AE49729} = {18073331-54FF-427B-81CC-90135DF1098B}
		{DE118076-3738-43D4-B49B-ED54A4FCD7D6} = {0830516A-154D-420D-994F-378DA238E9B5}
		{E6A31345-45A1-4B1D-B9CD-8E2BD9760247} = {18073331-54FF-427B-81CC-90135DF1098B}
		{C3BB4E98-615E-4F32-9FCE-3903EEB0F686} = {18073331-54FF-427B-81CC-90135DF1098B}
	EndGlobalSection
	GlobalSection(ExtensibilityGlobals) = postSolution
		SolutionGuid = {A7D4367A-24CF-4083-BB4C-35A19E0A6B99}
	EndGlobalSection
EndGlobal
