
Microsoft Visual Studio Solution File, Format Version 12.00
# Visual Studio Version 16
VisualStudioVersion = 16.0.29306.81
MinimumVisualStudioVersion = 10.0.40219.1
Project("{9A19103F-16F7-4668-BE54-9A1E7A4F7556}") = "PixelRPG.Desktop", "PixelRPG.Desktop\PixelRPG.Desktop.csproj", "{FB1CACD1-A6AE-4930-A9CF-728FF5A15253}"
	ProjectSection(ProjectDependencies) = postProject
		{957EEE75-1249-4FC6-B5D2-1D932883001D} = {957EEE75-1249-4FC6-B5D2-1D932883001D}
	EndProjectSection
EndProject
Project("{FAE04EC0-301F-11D3-BF4B-00C04F79EFBC}") = "PixelRPG.Android", "PixelRPG.Android\PixelRPG.Android.csproj", "{C105EEBC-F50D-45B1-8AFF-53AE0AE49729}"
	ProjectSection(ProjectDependencies) = postProject
		{957EEE75-1249-4FC6-B5D2-1D932883001D} = {957EEE75-1249-4FC6-B5D2-1D932883001D}
	EndProjectSection
EndProject
Project("{9A19103F-16F7-4668-BE54-9A1E7A4F7556}") = "PixelRPG.Tests", "PixelRPG.Tests\PixelRPG.Tests.csproj", "{DE118076-3738-43D4-B49B-ED54A4FCD7D6}"
EndProject
Project("{9A19103F-16F7-4668-BE54-9A1E7A4F7556}") = "PixelRPG.Base", "PixelRPG.Base\PixelRPG.Base.csproj", "{E6A31345-45A1-4B1D-B9CD-8E2BD9760247}"
EndProject
Project("{9A19103F-16F7-4668-BE54-9A1E7A4F7556}") = "PixelRPG.Browser", "PixelRPG.Browser\PixelRPG.Browser.csproj", "{C3BB4E98-615E-4F32-9FCE-3903EEB0F686}"
EndProject
Project("{9A19103F-16F7-4668-BE54-9A1E7A4F7556}") = "PixelRPG.PipelineImporter", "PixelRPG.PipelineImporter\PixelRPG.PipelineImporter.csproj", "{957EEE75-1249-4FC6-B5D2-1D932883001D}"
EndProject
Project("{9A19103F-16F7-4668-BE54-9A1E7A4F7556}") = "PixelRPG.CLI", "PixelRPG.CLI\PixelRPG.CLI.csproj", "{5CC04005-D9AB-4395-A14C-2D40C493070F}"
EndProject
Global
	GlobalSection(SolutionConfigurationPlatforms) = preSolution
		Debug|Any CPU = Debug|Any CPU
		Debug|iPhone = Debug|iPhone
		Debug|iPhoneSimulator = Debug|iPhoneSimulator
		Debug|x86 = Debug|x86
		Release|Any CPU = Release|Any CPU
		Release|iPhone = Release|iPhone
		Release|iPhoneSimulator = Release|iPhoneSimulator
		Release|x86 = Release|x86
		Web|Any CPU = Web|Any CPU
		Web|iPhone = Web|iPhone
		Web|iPhoneSimulator = Web|iPhoneSimulator
		Web|x86 = Web|x86
	EndGlobalSection
	GlobalSection(ProjectConfigurationPlatforms) = postSolution
		{FB1CACD1-A6AE-4930-A9CF-728FF5A15253}.Debug|Any CPU.ActiveCfg = Debug|Any CPU
		{FB1CACD1-A6AE-4930-A9CF-728FF5A15253}.Debug|Any CPU.Build.0 = Debug|Any CPU
		{FB1CACD1-A6AE-4930-A9CF-728FF5A15253}.Debug|iPhone.ActiveCfg = Debug|Any CPU
		{FB1CACD1-A6AE-4930-A9CF-728FF5A15253}.Debug|iPhone.Build.0 = Debug|Any CPU
		{FB1CACD1-A6AE-4930-A9CF-728FF5A15253}.Debug|iPhoneSimulator.ActiveCfg = Debug|Any CPU
		{FB1CACD1-A6AE-4930-A9CF-728FF5A15253}.Debug|iPhoneSimulator.Build.0 = Debug|Any CPU
		{FB1CACD1-A6AE-4930-A9CF-728FF5A15253}.Debug|x86.ActiveCfg = Debug|Any CPU
		{FB1CACD1-A6AE-4930-A9CF-728FF5A15253}.Debug|x86.Build.0 = Debug|Any CPU
		{FB1CACD1-A6AE-4930-A9CF-728FF5A15253}.Release|Any CPU.ActiveCfg = Release|Any CPU
		{FB1CACD1-A6AE-4930-A9CF-728FF5A15253}.Release|Any CPU.Build.0 = Release|Any CPU
		{FB1CACD1-A6AE-4930-A9CF-728FF5A15253}.Release|iPhone.ActiveCfg = Release|Any CPU
		{FB1CACD1-A6AE-4930-A9CF-728FF5A15253}.Release|iPhone.Build.0 = Release|Any CPU
		{FB1CACD1-A6AE-4930-A9CF-728FF5A15253}.Release|iPhoneSimulator.ActiveCfg = Release|Any CPU
		{FB1CACD1-A6AE-4930-A9CF-728FF5A15253}.Release|iPhoneSimulator.Build.0 = Release|Any CPU
		{FB1CACD1-A6AE-4930-A9CF-728FF5A15253}.Release|x86.ActiveCfg = Release|Any CPU
		{FB1CACD1-A6AE-4930-A9CF-728FF5A15253}.Release|x86.Build.0 = Release|Any CPU
		{FB1CACD1-A6AE-4930-A9CF-728FF5A15253}.Web|Any CPU.ActiveCfg = Release|Any CPU
		{FB1CACD1-A6AE-4930-A9CF-728FF5A15253}.Web|iPhone.ActiveCfg = Release|Any CPU
		{FB1CACD1-A6AE-4930-A9CF-728FF5A15253}.Web|iPhone.Build.0 = Release|Any CPU
		{FB1CACD1-A6AE-4930-A9CF-728FF5A15253}.Web|iPhoneSimulator.ActiveCfg = Release|Any CPU
		{FB1CACD1-A6AE-4930-A9CF-728FF5A15253}.Web|iPhoneSimulator.Build.0 = Release|Any CPU
		{FB1CACD1-A6AE-4930-A9CF-728FF5A15253}.Web|x86.ActiveCfg = Release|Any CPU
		{FB1CACD1-A6AE-4930-A9CF-728FF5A15253}.Web|x86.Build.0 = Release|Any CPU
		{C105EEBC-F50D-45B1-8AFF-53AE0AE49729}.Debug|Any CPU.ActiveCfg = Debug|Any CPU
		{C105EEBC-F50D-45B1-8AFF-53AE0AE49729}.Debug|Any CPU.Build.0 = Debug|Any CPU
		{C105EEBC-F50D-45B1-8AFF-53AE0AE49729}.Debug|Any CPU.Deploy.0 = Debug|Any CPU
		{C105EEBC-F50D-45B1-8AFF-53AE0AE49729}.Debug|iPhone.ActiveCfg = Debug|Any CPU
		{C105EEBC-F50D-45B1-8AFF-53AE0AE49729}.Debug|iPhone.Build.0 = Debug|Any CPU
		{C105EEBC-F50D-45B1-8AFF-53AE0AE49729}.Debug|iPhone.Deploy.0 = Debug|Any CPU
		{C105EEBC-F50D-45B1-8AFF-53AE0AE49729}.Debug|iPhoneSimulator.ActiveCfg = Debug|Any CPU
		{C105EEBC-F50D-45B1-8AFF-53AE0AE49729}.Debug|iPhoneSimulator.Build.0 = Debug|Any CPU
		{C105EEBC-F50D-45B1-8AFF-53AE0AE49729}.Debug|iPhoneSimulator.Deploy.0 = Debug|Any CPU
		{C105EEBC-F50D-45B1-8AFF-53AE0AE49729}.Debug|x86.ActiveCfg = Debug|Any CPU
		{C105EEBC-F50D-45B1-8AFF-53AE0AE49729}.Debug|x86.Build.0 = Debug|Any CPU
		{C105EEBC-F50D-45B1-8AFF-53AE0AE49729}.Debug|x86.Deploy.0 = Debug|Any CPU
		{C105EEBC-F50D-45B1-8AFF-53AE0AE49729}.Release|Any CPU.ActiveCfg = Release|Any CPU
		{C105EEBC-F50D-45B1-8AFF-53AE0AE49729}.Release|Any CPU.Build.0 = Release|Any CPU
		{C105EEBC-F50D-45B1-8AFF-53AE0AE49729}.Release|Any CPU.Deploy.0 = Release|Any CPU
		{C105EEBC-F50D-45B1-8AFF-53AE0AE49729}.Release|iPhone.ActiveCfg = Release|Any CPU
		{C105EEBC-F50D-45B1-8AFF-53AE0AE49729}.Release|iPhone.Build.0 = Release|Any CPU
		{C105EEBC-F50D-45B1-8AFF-53AE0AE49729}.Release|iPhone.Deploy.0 = Release|Any CPU
		{C105EEBC-F50D-45B1-8AFF-53AE0AE49729}.Release|iPhoneSimulator.ActiveCfg = Release|Any CPU
		{C105EEBC-F50D-45B1-8AFF-53AE0AE49729}.Release|iPhoneSimulator.Build.0 = Release|Any CPU
		{C105EEBC-F50D-45B1-8AFF-53AE0AE49729}.Release|iPhoneSimulator.Deploy.0 = Release|Any CPU
		{C105EEBC-F50D-45B1-8AFF-53AE0AE49729}.Release|x86.ActiveCfg = Release|Any CPU
		{C105EEBC-F50D-45B1-8AFF-53AE0AE49729}.Release|x86.Build.0 = Release|Any CPU
		{C105EEBC-F50D-45B1-8AFF-53AE0AE49729}.Release|x86.Deploy.0 = Release|Any CPU
		{C105EEBC-F50D-45B1-8AFF-53AE0AE49729}.Web|Any CPU.ActiveCfg = Release|Any CPU
		{C105EEBC-F50D-45B1-8AFF-53AE0AE49729}.Web|iPhone.ActiveCfg = Release|Any CPU
		{C105EEBC-F50D-45B1-8AFF-53AE0AE49729}.Web|iPhone.Build.0 = Release|Any CPU
		{C105EEBC-F50D-45B1-8AFF-53AE0AE49729}.Web|iPhone.Deploy.0 = Release|Any CPU
		{C105EEBC-F50D-45B1-8AFF-53AE0AE49729}.Web|iPhoneSimulator.ActiveCfg = Release|Any CPU
		{C105EEBC-F50D-45B1-8AFF-53AE0AE49729}.Web|iPhoneSimulator.Build.0 = Release|Any CPU
		{C105EEBC-F50D-45B1-8AFF-53AE0AE49729}.Web|iPhoneSimulator.Deploy.0 = Release|Any CPU
		{C105EEBC-F50D-45B1-8AFF-53AE0AE49729}.Web|x86.ActiveCfg = Release|Any CPU
		{C105EEBC-F50D-45B1-8AFF-53AE0AE49729}.Web|x86.Build.0 = Release|Any CPU
		{C105EEBC-F50D-45B1-8AFF-53AE0AE49729}.Web|x86.Deploy.0 = Release|Any CPU
		{DE118076-3738-43D4-B49B-ED54A4FCD7D6}.Debug|Any CPU.ActiveCfg = Debug|Any CPU
		{DE118076-3738-43D4-B49B-ED54A4FCD7D6}.Debug|Any CPU.Build.0 = Debug|Any CPU
		{DE118076-3738-43D4-B49B-ED54A4FCD7D6}.Debug|iPhone.ActiveCfg = Debug|Any CPU
		{DE118076-3738-43D4-B49B-ED54A4FCD7D6}.Debug|iPhone.Build.0 = Debug|Any CPU
		{DE118076-3738-43D4-B49B-ED54A4FCD7D6}.Debug|iPhoneSimulator.ActiveCfg = Debug|Any CPU
		{DE118076-3738-43D4-B49B-ED54A4FCD7D6}.Debug|iPhoneSimulator.Build.0 = Debug|Any CPU
		{DE118076-3738-43D4-B49B-ED54A4FCD7D6}.Debug|x86.ActiveCfg = Debug|Any CPU
		{DE118076-3738-43D4-B49B-ED54A4FCD7D6}.Debug|x86.Build.0 = Debug|Any CPU
		{DE118076-3738-43D4-B49B-ED54A4FCD7D6}.Release|Any CPU.ActiveCfg = Release|Any CPU
		{DE118076-3738-43D4-B49B-ED54A4FCD7D6}.Release|Any CPU.Build.0 = Release|Any CPU
		{DE118076-3738-43D4-B49B-ED54A4FCD7D6}.Release|iPhone.ActiveCfg = Release|Any CPU
		{DE118076-3738-43D4-B49B-ED54A4FCD7D6}.Release|iPhone.Build.0 = Release|Any CPU
		{DE118076-3738-43D4-B49B-ED54A4FCD7D6}.Release|iPhoneSimulator.ActiveCfg = Release|Any CPU
		{DE118076-3738-43D4-B49B-ED54A4FCD7D6}.Release|iPhoneSimulator.Build.0 = Release|Any CPU
		{DE118076-3738-43D4-B49B-ED54A4FCD7D6}.Release|x86.ActiveCfg = Release|Any CPU
		{DE118076-3738-43D4-B49B-ED54A4FCD7D6}.Release|x86.Build.0 = Release|Any CPU
		{DE118076-3738-43D4-B49B-ED54A4FCD7D6}.Web|Any CPU.ActiveCfg = Release|Any CPU
		{DE118076-3738-43D4-B49B-ED54A4FCD7D6}.Web|iPhone.ActiveCfg = Release|Any CPU
		{DE118076-3738-43D4-B49B-ED54A4FCD7D6}.Web|iPhone.Build.0 = Release|Any CPU
		{DE118076-3738-43D4-B49B-ED54A4FCD7D6}.Web|iPhoneSimulator.ActiveCfg = Release|Any CPU
		{DE118076-3738-43D4-B49B-ED54A4FCD7D6}.Web|iPhoneSimulator.Build.0 = Release|Any CPU
		{DE118076-3738-43D4-B49B-ED54A4FCD7D6}.Web|x86.ActiveCfg = Release|Any CPU
		{DE118076-3738-43D4-B49B-ED54A4FCD7D6}.Web|x86.Build.0 = Release|Any CPU
		{E6A31345-45A1-4B1D-B9CD-8E2BD9760247}.Debug|Any CPU.ActiveCfg = Debug|Any CPU
		{E6A31345-45A1-4B1D-B9CD-8E2BD9760247}.Debug|Any CPU.Build.0 = Debug|Any CPU
		{E6A31345-45A1-4B1D-B9CD-8E2BD9760247}.Debug|iPhone.ActiveCfg = Debug|Any CPU
		{E6A31345-45A1-4B1D-B9CD-8E2BD9760247}.Debug|iPhone.Build.0 = Debug|Any CPU
		{E6A31345-45A1-4B1D-B9CD-8E2BD9760247}.Debug|iPhoneSimulator.ActiveCfg = Debug|Any CPU
		{E6A31345-45A1-4B1D-B9CD-8E2BD9760247}.Debug|iPhoneSimulator.Build.0 = Debug|Any CPU
		{E6A31345-45A1-4B1D-B9CD-8E2BD9760247}.Debug|x86.ActiveCfg = Debug|Any CPU
		{E6A31345-45A1-4B1D-B9CD-8E2BD9760247}.Debug|x86.Build.0 = Debug|Any CPU
		{E6A31345-45A1-4B1D-B9CD-8E2BD9760247}.Release|Any CPU.ActiveCfg = Release|Any CPU
		{E6A31345-45A1-4B1D-B9CD-8E2BD9760247}.Release|Any CPU.Build.0 = Release|Any CPU
		{E6A31345-45A1-4B1D-B9CD-8E2BD9760247}.Release|iPhone.ActiveCfg = Release|Any CPU
		{E6A31345-45A1-4B1D-B9CD-8E2BD9760247}.Release|iPhone.Build.0 = Release|Any CPU
		{E6A31345-45A1-4B1D-B9CD-8E2BD9760247}.Release|iPhoneSimulator.ActiveCfg = Release|Any CPU
		{E6A31345-45A1-4B1D-B9CD-8E2BD9760247}.Release|iPhoneSimulator.Build.0 = Release|Any CPU
		{E6A31345-45A1-4B1D-B9CD-8E2BD9760247}.Release|x86.ActiveCfg = Release|Any CPU
		{E6A31345-45A1-4B1D-B9CD-8E2BD9760247}.Release|x86.Build.0 = Release|Any CPU
		{E6A31345-45A1-4B1D-B9CD-8E2BD9760247}.Web|Any CPU.ActiveCfg = Web|Any CPU
		{E6A31345-45A1-4B1D-B9CD-8E2BD9760247}.Web|Any CPU.Build.0 = Web|Any CPU
		{E6A31345-45A1-4B1D-B9CD-8E2BD9760247}.Web|iPhone.ActiveCfg = Web|Any CPU
		{E6A31345-45A1-4B1D-B9CD-8E2BD9760247}.Web|iPhone.Build.0 = Web|Any CPU
		{E6A31345-45A1-4B1D-B9CD-8E2BD9760247}.Web|iPhoneSimulator.ActiveCfg = Web|Any CPU
		{E6A31345-45A1-4B1D-B9CD-8E2BD9760247}.Web|iPhoneSimulator.Build.0 = Web|Any CPU
		{E6A31345-45A1-4B1D-B9CD-8E2BD9760247}.Web|x86.ActiveCfg = Web|Any CPU
		{E6A31345-45A1-4B1D-B9CD-8E2BD9760247}.Web|x86.Build.0 = Web|Any CPU
		{C3BB4E98-615E-4F32-9FCE-3903EEB0F686}.Debug|Any CPU.ActiveCfg = Web|Any CPU
		{C3BB4E98-615E-4F32-9FCE-3903EEB0F686}.Debug|iPhone.ActiveCfg = Web|Any CPU
		{C3BB4E98-615E-4F32-9FCE-3903EEB0F686}.Debug|iPhone.Build.0 = Web|Any CPU
		{C3BB4E98-615E-4F32-9FCE-3903EEB0F686}.Debug|iPhoneSimulator.ActiveCfg = Web|Any CPU
		{C3BB4E98-615E-4F32-9FCE-3903EEB0F686}.Debug|iPhoneSimulator.Build.0 = Web|Any CPU
		{C3BB4E98-615E-4F32-9FCE-3903EEB0F686}.Debug|x86.ActiveCfg = Web|Any CPU
		{C3BB4E98-615E-4F32-9FCE-3903EEB0F686}.Debug|x86.Build.0 = Web|Any CPU
		{C3BB4E98-615E-4F32-9FCE-3903EEB0F686}.Release|Any CPU.ActiveCfg = Web|Any CPU
		{C3BB4E98-615E-4F32-9FCE-3903EEB0F686}.Release|iPhone.ActiveCfg = Web|Any CPU
		{C3BB4E98-615E-4F32-9FCE-3903EEB0F686}.Release|iPhone.Build.0 = Web|Any CPU
		{C3BB4E98-615E-4F32-9FCE-3903EEB0F686}.Release|iPhoneSimulator.ActiveCfg = Web|Any CPU
		{C3BB4E98-615E-4F32-9FCE-3903EEB0F686}.Release|iPhoneSimulator.Build.0 = Web|Any CPU
		{C3BB4E98-615E-4F32-9FCE-3903EEB0F686}.Release|x86.ActiveCfg = Web|Any CPU
		{C3BB4E98-615E-4F32-9FCE-3903EEB0F686}.Release|x86.Build.0 = Web|Any CPU
		{C3BB4E98-615E-4F32-9FCE-3903EEB0F686}.Web|Any CPU.ActiveCfg = Web|Any CPU
		{C3BB4E98-615E-4F32-9FCE-3903EEB0F686}.Web|Any CPU.Build.0 = Web|Any CPU
		{C3BB4E98-615E-4F32-9FCE-3903EEB0F686}.Web|iPhone.ActiveCfg = Web|Any CPU
		{C3BB4E98-615E-4F32-9FCE-3903EEB0F686}.Web|iPhone.Build.0 = Web|Any CPU
		{C3BB4E98-615E-4F32-9FCE-3903EEB0F686}.Web|iPhoneSimulator.ActiveCfg = Web|Any CPU
		{C3BB4E98-615E-4F32-9FCE-3903EEB0F686}.Web|iPhoneSimulator.Build.0 = Web|Any CPU
		{C3BB4E98-615E-4F32-9FCE-3903EEB0F686}.Web|x86.ActiveCfg = Web|Any CPU
		{C3BB4E98-615E-4F32-9FCE-3903EEB0F686}.Web|x86.Build.0 = Web|Any CPU
		{957EEE75-1249-4FC6-B5D2-1D932883001D}.Debug|Any CPU.ActiveCfg = Debug|Any CPU
		{957EEE75-1249-4FC6-B5D2-1D932883001D}.Debug|Any CPU.Build.0 = Debug|Any CPU
		{957EEE75-1249-4FC6-B5D2-1D932883001D}.Debug|iPhone.ActiveCfg = Debug|Any CPU
		{957EEE75-1249-4FC6-B5D2-1D932883001D}.Debug|iPhone.Build.0 = Debug|Any CPU
		{957EEE75-1249-4FC6-B5D2-1D932883001D}.Debug|iPhoneSimulator.ActiveCfg = Debug|Any CPU
		{957EEE75-1249-4FC6-B5D2-1D932883001D}.Debug|iPhoneSimulator.Build.0 = Debug|Any CPU
		{957EEE75-1249-4FC6-B5D2-1D932883001D}.Debug|x86.ActiveCfg = Debug|Any CPU
		{957EEE75-1249-4FC6-B5D2-1D932883001D}.Debug|x86.Build.0 = Debug|Any CPU
		{957EEE75-1249-4FC6-B5D2-1D932883001D}.Release|Any CPU.ActiveCfg = Release|Any CPU
		{957EEE75-1249-4FC6-B5D2-1D932883001D}.Release|Any CPU.Build.0 = Release|Any CPU
		{957EEE75-1249-4FC6-B5D2-1D932883001D}.Release|iPhone.ActiveCfg = Release|Any CPU
		{957EEE75-1249-4FC6-B5D2-1D932883001D}.Release|iPhone.Build.0 = Release|Any CPU
		{957EEE75-1249-4FC6-B5D2-1D932883001D}.Release|iPhoneSimulator.ActiveCfg = Release|Any CPU
		{957EEE75-1249-4FC6-B5D2-1D932883001D}.Release|iPhoneSimulator.Build.0 = Release|Any CPU
		{957EEE75-1249-4FC6-B5D2-1D932883001D}.Release|x86.ActiveCfg = Release|Any CPU
		{957EEE75-1249-4FC6-B5D2-1D932883001D}.Release|x86.Build.0 = Release|Any CPU
		{957EEE75-1249-4FC6-B5D2-1D932883001D}.Web|Any CPU.ActiveCfg = Release|Any CPU
		{957EEE75-1249-4FC6-B5D2-1D932883001D}.Web|iPhone.ActiveCfg = Debug|Any CPU
		{957EEE75-1249-4FC6-B5D2-1D932883001D}.Web|iPhone.Build.0 = Debug|Any CPU
		{957EEE75-1249-4FC6-B5D2-1D932883001D}.Web|iPhoneSimulator.ActiveCfg = Debug|Any CPU
		{957EEE75-1249-4FC6-B5D2-1D932883001D}.Web|iPhoneSimulator.Build.0 = Debug|Any CPU
		{957EEE75-1249-4FC6-B5D2-1D932883001D}.Web|x86.ActiveCfg = Debug|Any CPU
		{957EEE75-1249-4FC6-B5D2-1D932883001D}.Web|x86.Build.0 = Debug|Any CPU
		{5CC04005-D9AB-4395-A14C-2D40C493070F}.Debug|Any CPU.ActiveCfg = Debug|Any CPU
		{5CC04005-D9AB-4395-A14C-2D40C493070F}.Debug|Any CPU.Build.0 = Debug|Any CPU
		{5CC04005-D9AB-4395-A14C-2D40C493070F}.Debug|iPhone.ActiveCfg = Debug|Any CPU
		{5CC04005-D9AB-4395-A14C-2D40C493070F}.Debug|iPhone.Build.0 = Debug|Any CPU
		{5CC04005-D9AB-4395-A14C-2D40C493070F}.Debug|iPhoneSimulator.ActiveCfg = Debug|Any CPU
		{5CC04005-D9AB-4395-A14C-2D40C493070F}.Debug|iPhoneSimulator.Build.0 = Debug|Any CPU
		{5CC04005-D9AB-4395-A14C-2D40C493070F}.Debug|x86.ActiveCfg = Debug|Any CPU
		{5CC04005-D9AB-4395-A14C-2D40C493070F}.Debug|x86.Build.0 = Debug|Any CPU
		{5CC04005-D9AB-4395-A14C-2D40C493070F}.Release|Any CPU.ActiveCfg = Release|Any CPU
		{5CC04005-D9AB-4395-A14C-2D40C493070F}.Release|Any CPU.Build.0 = Release|Any CPU
		{5CC04005-D9AB-4395-A14C-2D40C493070F}.Release|iPhone.ActiveCfg = Release|Any CPU
		{5CC04005-D9AB-4395-A14C-2D40C493070F}.Release|iPhone.Build.0 = Release|Any CPU
		{5CC04005-D9AB-4395-A14C-2D40C493070F}.Release|iPhoneSimulator.ActiveCfg = Release|Any CPU
		{5CC04005-D9AB-4395-A14C-2D40C493070F}.Release|iPhoneSimulator.Build.0 = Release|Any CPU
		{5CC04005-D9AB-4395-A14C-2D40C493070F}.Release|x86.ActiveCfg = Release|Any CPU
		{5CC04005-D9AB-4395-A14C-2D40C493070F}.Release|x86.Build.0 = Release|Any CPU
		{5CC04005-D9AB-4395-A14C-2D40C493070F}.Web|Any CPU.ActiveCfg = Debug|Any CPU
		{5CC04005-D9AB-4395-A14C-2D40C493070F}.Web|Any CPU.Build.0 = Debug|Any CPU
		{5CC04005-D9AB-4395-A14C-2D40C493070F}.Web|iPhone.ActiveCfg = Debug|Any CPU
		{5CC04005-D9AB-4395-A14C-2D40C493070F}.Web|iPhone.Build.0 = Debug|Any CPU
		{5CC04005-D9AB-4395-A14C-2D40C493070F}.Web|iPhoneSimulator.ActiveCfg = Debug|Any CPU
		{5CC04005-D9AB-4395-A14C-2D40C493070F}.Web|iPhoneSimulator.Build.0 = Debug|Any CPU
		{5CC04005-D9AB-4395-A14C-2D40C493070F}.Web|x86.ActiveCfg = Debug|Any CPU
		{5CC04005-D9AB-4395-A14C-2D40C493070F}.Web|x86.Build.0 = Debug|Any CPU
	EndGlobalSection
	GlobalSection(SolutionProperties) = preSolution
		HideSolutionNode = FALSE
	EndGlobalSection
	GlobalSection(ExtensibilityGlobals) = postSolution
		SolutionGuid = {A7D4367A-24CF-4083-BB4C-35A19E0A6B99}
	EndGlobalSection
EndGlobal
